{
  "name": "test",
  "version": "1.0.0",
  "lockfileVersion": 2,
  "requires": true,
  "packages": {
    "": {
      "name": "test",
      "version": "1.0.0",
      "license": "ISC",
      "dependencies": {
        "axios": "^0.24.0",
        "moment": "^2.29.1"
      }
    },
    "node_modules/_axios@0.24.0@axios": {
      "name": "axios",
      "version": "0.24.0",
      "license": "MIT",
      "dependencies": {
        "follow-redirects": "^1.14.4"
      }
    },
    "node_modules/_axios@0.24.0@axios/node_modules/follow-redirects": {
      "resolved": "node_modules/_follow-redirects@1.14.5@follow-redirects",
      "link": true
    },
    "node_modules/_follow-redirects@1.14.5@follow-redirects": {
      "name": "follow-redirects",
      "version": "1.14.5",
      "funding": [
        {
          "type": "individual",
          "url": "https://github.com/sponsors/RubenVerborgh"
        }
      ],
      "license": "MIT",
      "engines": {
        "node": ">=4.0"
      },
      "peerDependenciesMeta": {
        "debug": {
          "optional": true
        }
      }
    },
    "node_modules/axios": {
      "resolved": "node_modules/_axios@0.24.0@axios",
      "link": true
    },
    "node_modules/moment": {
      "version": "2.29.1",
      "resolved": "https://registry.npmjs.org/moment/-/moment-2.29.1.tgz",
      "integrity": "sha512-kHmoybcPV8Sqy59DwNDY3Jefr64lK/by/da0ViFcuA4DH0vQg5Q6Ze5VimxkfQNSC+Mls/Kx53s7TjP1RhFEDQ==",
      "engines": {
        "node": "*"
      }
    }
  },
  "dependencies": {
    "_axios@0.24.0@axios": {
      "version": "npm:axios@0.24.0",
      "requires": {
        "follow-redirects": "^1.14.4"
      },
      "dependencies": {
        "follow-redirects": {
          "version": "file:node_modules/_follow-redirects@1.14.5@follow-redirects"
        }
      }
    },
    "_follow-redirects@1.14.5@follow-redirects": {
      "version": "npm:follow-redirects@1.14.5"
    },
    "axios": {
      "version": "file:node_modules/_axios@0.24.0@axios",
      "requires": {
        "follow-redirects": "^1.14.4"
      },
      "dependencies": {
        "follow-redirects": {
          "version": "file:node_modules/_follow-redirects@1.14.5@follow-redirects"
        }
      }
    },
    "moment": {
      "version": "2.29.1",
      "resolved": "https://registry.npmjs.org/moment/-/moment-2.29.1.tgz",
      "integrity": "sha512-kHmoybcPV8Sqy59DwNDY3Jefr64lK/by/da0ViFcuA4DH0vQg5Q6Ze5VimxkfQNSC+Mls/Kx53s7TjP1RhFEDQ=="
    }
  }
}
